lockfileVersion: '9.0'

settings:
  autoInstallPeers: true
  excludeLinksFromLockfile: false

importers:

  .:
    dependencies:
      react:
        specifier: ^18.3.1
        version: 18.3.1
      react-dom:
        specifier: ^18.3.1
        version: 18.3.1(react@18.3.1)
      zustand:
        specifier: ^5.0.2
        version: 5.0.2(@types/react@18.3.17)(react@18.3.1)
    devDependencies:
      '@types/react':
        specifier: ^18.2.0
        version: 18.3.17
      '@types/react-dom':
        specifier: ^18.2.0
        version: 18.3.5(@types/react@18.3.17)
      '@vitejs/plugin-react-swc':
        specifier: ^3.5.0
        version: 3.7.2(vite@5.4.11)
      typescript:
        specifier: ^5.0.0
        version: 5.7.2
      vite:
        specifier: ^5.3.4
        version: 5.4.11

packages:

  '@esbuild/aix-ppc64@0.21.5':
    resolution: {integrity: sha512-1SDgH6ZSPTlggy1yI6+Dbkiz8xzpHJEVAlF/AM1tHPLsf5STom9rwtjE4hKAF20FfXXNTFqEYXyJNWh1GiZedQ==}
    engines: {node: '>=12'}
    cpu: [ppc64]
    os: [aix]

  '@esbuild/android-arm64@0.21.5':
    resolution: {integrity: sha512-c0uX9VAUBQ7dTDCjq+wdyGLowMdtR/GoC2U5IYk/7D1H1JYC0qseD7+11iMP2mRLN9RcCMRcjC4YMclCzGwS/A==}
    engines: {node: '>=12'}
    cpu: [arm64]
    os: [android]

  '@esbuild/android-arm@0.21.5':
    resolution: {integrity: sha512-vCPvzSjpPHEi1siZdlvAlsPxXl7WbOVUBBAowWug4rJHb68Ox8KualB+1ocNvT5fjv6wpkX6o/iEpbDrf68zcg==}
    engines: {node: '>=12'}
    cpu: [arm]
    os: [android]

  '@esbuild/android-x64@0.21.5':
    resolution: {integrity: sha512-D7aPRUUNHRBwHxzxRvp856rjUHRFW1SdQATKXH2hqA0kAZb1hKmi02OpYRacl0TxIGz/ZmXWlbZgjwWYaCakTA==}
    engines: {node: '>=12'}
    cpu: [x64]
    os: [android]

  '@esbuild/darwin-arm64@0.21.5':
    resolution: {integrity: sha512-DwqXqZyuk5AiWWf3UfLiRDJ5EDd49zg6O9wclZ7kUMv2WRFr4HKjXp/5t8JZ11QbQfUS6/cRCKGwYhtNAY88kQ==}
    engines: {node: '>=12'}
    cpu: [arm64]
    os: [darwin]

  '@esbuild/darwin-x64@0.21.5':
    resolution: {integrity: sha512-se/JjF8NlmKVG4kNIuyWMV/22ZaerB+qaSi5MdrXtd6R08kvs2qCN4C09miupktDitvh8jRFflwGFBQcxZRjbw==}
    engines: {node: '>=12'}
    cpu: [x64]
    os: [darwin]

  '@esbuild/freebsd-arm64@0.21.5':
    resolution: {integrity: sha512-5JcRxxRDUJLX8JXp/wcBCy3pENnCgBR9bN6JsY4OmhfUtIHe3ZW0mawA7+RDAcMLrMIZaf03NlQiX9DGyB8h4g==}
    engines: {node: '>=12'}
    cpu: [arm64]
    os: [freebsd]

  '@esbuild/freebsd-x64@0.21.5':
    resolution: {integrity: sha512-J95kNBj1zkbMXtHVH29bBriQygMXqoVQOQYA+ISs0/2l3T9/kj42ow2mpqerRBxDJnmkUDCaQT/dfNXWX/ZZCQ==}
    engines: {node: '>=12'}
    cpu: [x64]
    os: [freebsd]

  '@esbuild/linux-arm64@0.21.5':
    resolution: {integrity: sha512-ibKvmyYzKsBeX8d8I7MH/TMfWDXBF3db4qM6sy+7re0YXya+K1cem3on9XgdT2EQGMu4hQyZhan7TeQ8XkGp4Q==}
    engines: {node: '>=12'}
    cpu: [arm64]
    os: [linux]

  '@esbuild/linux-arm@0.21.5':
    resolution: {integrity: sha512-bPb5AHZtbeNGjCKVZ9UGqGwo8EUu4cLq68E95A53KlxAPRmUyYv2D6F0uUI65XisGOL1hBP5mTronbgo+0bFcA==}
    engines: {node: '>=12'}
    cpu: [arm]
    os: [linux]

  '@esbuild/linux-ia32@0.21.5':
    resolution: {integrity: sha512-YvjXDqLRqPDl2dvRODYmmhz4rPeVKYvppfGYKSNGdyZkA01046pLWyRKKI3ax8fbJoK5QbxblURkwK/MWY18Tg==}
    engines: {node: '>=12'}
    cpu: [ia32]
    os: [linux]

  '@esbuild/linux-loong64@0.21.5':
    resolution: {integrity: sha512-uHf1BmMG8qEvzdrzAqg2SIG/02+4/DHB6a9Kbya0XDvwDEKCoC8ZRWI5JJvNdUjtciBGFQ5PuBlpEOXQj+JQSg==}
    engines: {node: '>=12'}
    cpu: [loong64]
    os: [linux]

  '@esbuild/linux-mips64el@0.21.5':
    resolution: {integrity: sha512-IajOmO+KJK23bj52dFSNCMsz1QP1DqM6cwLUv3W1QwyxkyIWecfafnI555fvSGqEKwjMXVLokcV5ygHW5b3Jbg==}
    engines: {node: '>=12'}
    cpu: [mips64el]
    os: [linux]

  '@esbuild/linux-ppc64@0.21.5':
    resolution: {integrity: sha512-1hHV/Z4OEfMwpLO8rp7CvlhBDnjsC3CttJXIhBi+5Aj5r+MBvy4egg7wCbe//hSsT+RvDAG7s81tAvpL2XAE4w==}
    engines: {node: '>=12'}
    cpu: [ppc64]
    os: [linux]

  '@esbuild/linux-riscv64@0.21.5':
    resolution: {integrity: sha512-2HdXDMd9GMgTGrPWnJzP2ALSokE/0O5HhTUvWIbD3YdjME8JwvSCnNGBnTThKGEB91OZhzrJ4qIIxk/SBmyDDA==}
    engines: {node: '>=12'}
    cpu: [riscv64]
    os: [linux]

  '@esbuild/linux-s390x@0.21.5':
    resolution: {integrity: sha512-zus5sxzqBJD3eXxwvjN1yQkRepANgxE9lgOW2qLnmr8ikMTphkjgXu1HR01K4FJg8h1kEEDAqDcZQtbrRnB41A==}
    engines: {node: '>=12'}
    cpu: [s390x]
    os: [linux]

  '@esbuild/linux-x64@0.21.5':
    resolution: {integrity: sha512-1rYdTpyv03iycF1+BhzrzQJCdOuAOtaqHTWJZCWvijKD2N5Xu0TtVC8/+1faWqcP9iBCWOmjmhoH94dH82BxPQ==}
    engines: {node: '>=12'}
    cpu: [x64]
    os: [linux]

  '@esbuild/netbsd-x64@0.21.5':
    resolution: {integrity: sha512-Woi2MXzXjMULccIwMnLciyZH4nCIMpWQAs049KEeMvOcNADVxo0UBIQPfSmxB3CWKedngg7sWZdLvLczpe0tLg==}
    engines: {node: '>=12'}
    cpu: [x64]
    os: [netbsd]

  '@esbuild/openbsd-x64@0.21.5':
    resolution: {integrity: sha512-HLNNw99xsvx12lFBUwoT8EVCsSvRNDVxNpjZ7bPn947b8gJPzeHWyNVhFsaerc0n3TsbOINvRP2byTZ5LKezow==}
    engines: {node: '>=12'}
    cpu: [x64]
    os: [openbsd]

  '@esbuild/sunos-x64@0.21.5':
    resolution: {integrity: sha512-6+gjmFpfy0BHU5Tpptkuh8+uw3mnrvgs+dSPQXQOv3ekbordwnzTVEb4qnIvQcYXq6gzkyTnoZ9dZG+D4garKg==}
    engines: {node: '>=12'}
    cpu: [x64]
    os: [sunos]

  '@esbuild/win32-arm64@0.21.5':
    resolution: {integrity: sha512-Z0gOTd75VvXqyq7nsl93zwahcTROgqvuAcYDUr+vOv8uHhNSKROyU961kgtCD1e95IqPKSQKH7tBTslnS3tA8A==}
    engines: {node: '>=12'}
    cpu: [arm64]
    os: [win32]

  '@esbuild/win32-ia32@0.21.5':
    resolution: {integrity: sha512-SWXFF1CL2RVNMaVs+BBClwtfZSvDgtL//G/smwAc5oVK/UPu2Gu9tIaRgFmYFFKrmg3SyAjSrElf0TiJ1v8fYA==}
    engines: {node: '>=12'}
    cpu: [ia32]
    os: [win32]

  '@esbuild/win32-x64@0.21.5':
    resolution: {integrity: sha512-tQd/1efJuzPC6rCFwEvLtci/xNFcTZknmXs98FYDfGE4wP9ClFV98nyKrzJKVPMhdDnjzLhdUyMX4PsQAPjwIw==}
    engines: {node: '>=12'}
    cpu: [x64]
    os: [win32]

  '@rollup/rollup-android-arm-eabi@4.28.1':
    resolution: {integrity: sha512-2aZp8AES04KI2dy3Ss6/MDjXbwBzj+i0GqKtWXgw2/Ma6E4jJvujryO6gJAghIRVz7Vwr9Gtl/8na3nDUKpraQ==}
    cpu: [arm]
    os: [android]

  '@rollup/rollup-android-arm64@4.28.1':
    resolution: {integrity: sha512-EbkK285O+1YMrg57xVA+Dp0tDBRB93/BZKph9XhMjezf6F4TpYjaUSuPt5J0fZXlSag0LmZAsTmdGGqPp4pQFA==}
    cpu: [arm64]
    os: [android]

  '@rollup/rollup-darwin-arm64@4.28.1':
    resolution: {integrity: sha512-prduvrMKU6NzMq6nxzQw445zXgaDBbMQvmKSJaxpaZ5R1QDM8w+eGxo6Y/jhT/cLoCvnZI42oEqf9KQNYz1fqQ==}
    cpu: [arm64]
    os: [darwin]

  '@rollup/rollup-darwin-x64@4.28.1':
    resolution: {integrity: sha512-WsvbOunsUk0wccO/TV4o7IKgloJ942hVFK1CLatwv6TJspcCZb9umQkPdvB7FihmdxgaKR5JyxDjWpCOp4uZlQ==}
    cpu: [x64]
    os: [darwin]

  '@rollup/rollup-freebsd-arm64@4.28.1':
    resolution: {integrity: sha512-HTDPdY1caUcU4qK23FeeGxCdJF64cKkqajU0iBnTVxS8F7H/7BewvYoG+va1KPSL63kQ1PGNyiwKOfReavzvNA==}
    cpu: [arm64]
    os: [freebsd]

  '@rollup/rollup-freebsd-x64@4.28.1':
    resolution: {integrity: sha512-m/uYasxkUevcFTeRSM9TeLyPe2QDuqtjkeoTpP9SW0XxUWfcYrGDMkO/m2tTw+4NMAF9P2fU3Mw4ahNvo7QmsQ==}
    cpu: [x64]
    os: [freebsd]

  '@rollup/rollup-linux-arm-gnueabihf@4.28.1':
    resolution: {integrity: sha512-QAg11ZIt6mcmzpNE6JZBpKfJaKkqTm1A9+y9O+frdZJEuhQxiugM05gnCWiANHj4RmbgeVJpTdmKRmH/a+0QbA==}
    cpu: [arm]
    os: [linux]

  '@rollup/rollup-linux-arm-musleabihf@4.28.1':
    resolution: {integrity: sha512-dRP9PEBfolq1dmMcFqbEPSd9VlRuVWEGSmbxVEfiq2cs2jlZAl0YNxFzAQS2OrQmsLBLAATDMb3Z6MFv5vOcXg==}
    cpu: [arm]
    os: [linux]

  '@rollup/rollup-linux-arm64-gnu@4.28.1':
    resolution: {integrity: sha512-uGr8khxO+CKT4XU8ZUH1TTEUtlktK6Kgtv0+6bIFSeiSlnGJHG1tSFSjm41uQ9sAO/5ULx9mWOz70jYLyv1QkA==}
    cpu: [arm64]
    os: [linux]

  '@rollup/rollup-linux-arm64-musl@4.28.1':
    resolution: {integrity: sha512-QF54q8MYGAqMLrX2t7tNpi01nvq5RI59UBNx+3+37zoKX5KViPo/gk2QLhsuqok05sSCRluj0D00LzCwBikb0A==}
    cpu: [arm64]
    os: [linux]

  '@rollup/rollup-linux-loongarch64-gnu@4.28.1':
    resolution: {integrity: sha512-vPul4uodvWvLhRco2w0GcyZcdyBfpfDRgNKU+p35AWEbJ/HPs1tOUrkSueVbBS0RQHAf/A+nNtDpvw95PeVKOA==}
    cpu: [loong64]
    os: [linux]

  '@rollup/rollup-linux-powerpc64le-gnu@4.28.1':
    resolution: {integrity: sha512-pTnTdBuC2+pt1Rmm2SV7JWRqzhYpEILML4PKODqLz+C7Ou2apEV52h19CR7es+u04KlqplggmN9sqZlekg3R1A==}
    cpu: [ppc64]
    os: [linux]

  '@rollup/rollup-linux-riscv64-gnu@4.28.1':
    resolution: {integrity: sha512-vWXy1Nfg7TPBSuAncfInmAI/WZDd5vOklyLJDdIRKABcZWojNDY0NJwruY2AcnCLnRJKSaBgf/GiJfauu8cQZA==}
    cpu: [riscv64]
    os: [linux]

  '@rollup/rollup-linux-s390x-gnu@4.28.1':
    resolution: {integrity: sha512-/yqC2Y53oZjb0yz8PVuGOQQNOTwxcizudunl/tFs1aLvObTclTwZ0JhXF2XcPT/zuaymemCDSuuUPXJJyqeDOg==}
    cpu: [s390x]
    os: [linux]

  '@rollup/rollup-linux-x64-gnu@4.28.1':
    resolution: {integrity: sha512-fzgeABz7rrAlKYB0y2kSEiURrI0691CSL0+KXwKwhxvj92VULEDQLpBYLHpF49MSiPG4sq5CK3qHMnb9tlCjBw==}
    cpu: [x64]
    os: [linux]

  '@rollup/rollup-linux-x64-musl@4.28.1':
    resolution: {integrity: sha512-xQTDVzSGiMlSshpJCtudbWyRfLaNiVPXt1WgdWTwWz9n0U12cI2ZVtWe/Jgwyv/6wjL7b66uu61Vg0POWVfz4g==}
    cpu: [x64]
    os: [linux]

  '@rollup/rollup-win32-arm64-msvc@4.28.1':
    resolution: {integrity: sha512-wSXmDRVupJstFP7elGMgv+2HqXelQhuNf+IS4V+nUpNVi/GUiBgDmfwD0UGN3pcAnWsgKG3I52wMOBnk1VHr/A==}
    cpu: [arm64]
    os: [win32]

  '@rollup/rollup-win32-ia32-msvc@4.28.1':
    resolution: {integrity: sha512-ZkyTJ/9vkgrE/Rk9vhMXhf8l9D+eAhbAVbsGsXKy2ohmJaWg0LPQLnIxRdRp/bKyr8tXuPlXhIoGlEB5XpJnGA==}
    cpu: [ia32]
    os: [win32]

  '@rollup/rollup-win32-x64-msvc@4.28.1':
    resolution: {integrity: sha512-ZvK2jBafvttJjoIdKm/Q/Bh7IJ1Ose9IBOwpOXcOvW3ikGTQGmKDgxTC6oCAzW6PynbkKP8+um1du81XJHZ0JA==}
    cpu: [x64]
    os: [win32]

  '@swc/core-darwin-arm64@1.10.1':
    resolution: {integrity: sha512-NyELPp8EsVZtxH/mEqvzSyWpfPJ1lugpTQcSlMduZLj1EASLO4sC8wt8hmL1aizRlsbjCX+r0PyL+l0xQ64/6Q==}
    engines: {node: '>=10'}
    cpu: [arm64]
    os: [darwin]

  '@swc/core-darwin-x64@1.10.1':
    resolution: {integrity: sha512-L4BNt1fdQ5ZZhAk5qoDfUnXRabDOXKnXBxMDJ+PWLSxOGBbWE6aJTnu4zbGjJvtot0KM46m2LPAPY8ttknqaZA==}
    engines: {node: '>=10'}
    cpu: [x64]
    os: [darwin]

  '@swc/core-linux-arm-gnueabihf@1.10.1':
    resolution: {integrity: sha512-Y1u9OqCHgvVp2tYQAJ7hcU9qO5brDMIrA5R31rwWQIAKDkJKtv3IlTHF0hrbWk1wPR0ZdngkQSJZple7G+Grvw==}
    engines: {node: '>=10'}
    cpu: [arm]
    os: [linux]

  '@swc/core-linux-arm64-gnu@1.10.1':
    resolution: {integrity: sha512-tNQHO/UKdtnqjc7o04iRXng1wTUXPgVd8Y6LI4qIbHVoVPwksZydISjMcilKNLKIwOoUQAkxyJ16SlOAeADzhQ==}
    engines: {node: '>=10'}
    cpu: [arm64]
    os: [linux]

  '@swc/core-linux-arm64-musl@1.10.1':
    resolution: {integrity: sha512-x0L2Pd9weQ6n8dI1z1Isq00VHFvpBClwQJvrt3NHzmR+1wCT/gcYl1tp9P5xHh3ldM8Cn4UjWCw+7PaUgg8FcQ==}
    engines: {node: '>=10'}
    cpu: [arm64]
    os: [linux]

  '@swc/core-linux-x64-gnu@1.10.1':
    resolution: {integrity: sha512-yyYEwQcObV3AUsC79rSzN9z6kiWxKAVJ6Ntwq2N9YoZqSPYph+4/Am5fM1xEQYf/kb99csj0FgOelomJSobxQA==}
    engines: {node: '>=10'}
    cpu: [x64]
    os: [linux]

  '@swc/core-linux-x64-musl@1.10.1':
    resolution: {integrity: sha512-tcaS43Ydd7Fk7sW5ROpaf2Kq1zR+sI5K0RM+0qYLYYurvsJruj3GhBCaiN3gkzd8m/8wkqNqtVklWaQYSDsyqA==}
    engines: {node: '>=10'}
    cpu: [x64]
    os: [linux]

  '@swc/core-win32-arm64-msvc@1.10.1':
    resolution: {integrity: sha512-D3Qo1voA7AkbOzQ2UGuKNHfYGKL6eejN8VWOoQYtGHHQi1p5KK/Q7V1ku55oxXBsj79Ny5FRMqiRJpVGad7bjQ==}
    engines: {node: '>=10'}
    cpu: [arm64]
    os: [win32]

  '@swc/core-win32-ia32-msvc@1.10.1':
    resolution: {integrity: sha512-WalYdFoU3454Og+sDKHM1MrjvxUGwA2oralknXkXL8S0I/8RkWZOB++p3pLaGbTvOO++T+6znFbQdR8KRaa7DA==}
    engines: {node: '>=10'}
    cpu: [ia32]
    os: [win32]

  '@swc/core-win32-x64-msvc@1.10.1':
    resolution: {integrity: sha512-JWobfQDbTnoqaIwPKQ3DVSywihVXlQMbDuwik/dDWlj33A8oEHcjPOGs4OqcA3RHv24i+lfCQpM3Mn4FAMfacA==}
    engines: {node: '>=10'}
    cpu: [x64]
    os: [win32]

  '@swc/core@1.10.1':
    resolution: {integrity: sha512-rQ4dS6GAdmtzKiCRt3LFVxl37FaY1cgL9kSUTnhQ2xc3fmHOd7jdJK/V4pSZMG1ruGTd0bsi34O2R0Olg9Zo/w==}
    engines: {node: '>=10'}
    peerDependencies:
      '@swc/helpers': '*'
    peerDependenciesMeta:
      '@swc/helpers':
        optional: true

  '@swc/counter@0.1.3':
    resolution: {integrity: sha512-e2BR4lsJkkRlKZ/qCHPw9ZaSxc0MVUd7gtbtaB7aMvHeJVYe8sOB8DBZkP2DtISHGSku9sCK6T6cnY0CtXrOCQ==}

  '@swc/types@0.1.17':
    resolution: {integrity: sha512-V5gRru+aD8YVyCOMAjMpWR1Ui577DD5KSJsHP8RAxopAH22jFz6GZd/qxqjO6MJHQhcsjvjOFXyDhyLQUnMveQ==}

  '@types/estree@1.0.6':
    resolution: {integrity: sha512-AYnb1nQyY49te+VRAVgmzfcgjYS91mY5P0TKUDCLEM+gNnA+3T6rWITXRLYCpahpqSQbN5cE+gHpnPyXjHWxcw==}

  '@types/prop-types@15.7.14':
    resolution: {integrity: sha512-gNMvNH49DJ7OJYv+KAKn0Xp45p8PLl6zo2YnvDIbTd4J6MER2BmWN49TG7n9LvkyihINxeKW8+3bfS2yDC9dzQ==}

  '@types/react-dom@18.3.5':
    resolution: {integrity: sha512-P4t6saawp+b/dFrUr2cvkVsfvPguwsxtH6dNIYRllMsefqFzkZk5UIjzyDOv5g1dXIPdG4Sp1yCR4Z6RCUsG/Q==}
    peerDependencies:
      '@types/react': ^18.0.0

  '@types/react@18.3.17':
    resolution: {integrity: sha512-opAQ5no6LqJNo9TqnxBKsgnkIYHozW9KSTlFVoSUJYh1Fl/sswkEoqIugRSm7tbh6pABtYjGAjW+GOS23j8qbw==}

  '@vitejs/plugin-react-swc@3.7.2':
    resolution: {integrity: sha512-y0byko2b2tSVVf5Gpng1eEhX1OvPC7x8yns1Fx8jDzlJp4LS6CMkCPfLw47cjyoMrshQDoQw4qcgjsU9VvlCew==}
    peerDependencies:
      vite: ^4 || ^5 || ^6

  csstype@3.1.3:
    resolution: {integrity: sha512-M1uQkMl8rQK/szD0LNhtqxIPLpimGm8sOBwU7lLnCpSbTyY3yeU1Vc7l4KT5zT4s/yOxHH5O7tIuuLOCnLADRw==}

  esbuild@0.21.5:
    resolution: {integrity: sha512-mg3OPMV4hXywwpoDxu3Qda5xCKQi+vCTZq8S9J/EpkhB2HzKXq4SNFZE3+NK93JYxc8VMSep+lOUSC/RVKaBqw==}
    engines: {node: '>=12'}
    hasBin: true

  fsevents@2.3.3:
    resolution: {integrity: sha512-5xoDfX+fL7faATnagmWPpbFtwh/R77WmMMqqHGS65C3vvB0YHrgF+B1YmZ3441tMj5n63k0212XNoJwzlhffQw==}
    engines: {node: ^8.16.0 || ^10.6.0 || >=11.0.0}
    os: [darwin]

  js-tokens@4.0.0:
    resolution: {integrity: sha512-RdJUflcE3cUzKiMqQgsCu06FPu9UdIJO0beYbPhHN4k6apgJtifcoCtT9bcxOpYBtpD2kCM6Sbzg4CausW/PKQ==}

  loose-envify@1.4.0:
    resolution: {integrity: sha512-lyuxPGr/Wfhrlem2CL/UcnUc1zcqKAImBDzukY7Y5F/yQiNdko6+fRLevlw1HgMySw7f611UIY408EtxRSoK3Q==}
    hasBin: true

  nanoid@3.3.8:
    resolution: {integrity: sha512-WNLf5Sd8oZxOm+TzppcYk8gVOgP+l58xNy58D0nbUnOxOWRWvlcCV4kUF7ltmI6PsrLl/BgKEyS4mqsGChFN0w==}
    engines: {node: ^10 || ^12 || ^13.7 || ^14 || >=15.0.1}
    hasBin: true

  picocolors@1.1.1:
    resolution: {integrity: sha512-xceH2snhtb5M9liqDsmEw56le376mTZkEX/jEb/RxNFyegNul7eNslCXP9FDj/Lcu0X8KEyMceP2ntpaHrDEVA==}

  postcss@8.4.49:
    resolution: {integrity: sha512-OCVPnIObs4N29kxTjzLfUryOkvZEq+pf8jTF0lg8E7uETuWHA+v7j3c/xJmiqpX450191LlmZfUKkXxkTry7nA==}
    engines: {node: ^10 || ^12 || >=14}

  react-dom@18.3.1:
    resolution: {integrity: sha512-5m4nQKp+rZRb09LNH59GM4BxTh9251/ylbKIbpe7TpGxfJ+9kv6BLkLBXIjjspbgbnIBNqlI23tRnTWT0snUIw==}
    peerDependencies:
      react: ^18.3.1

  react@18.3.1:
    resolution: {integrity: sha512-wS+hAgJShR0KhEvPJArfuPVN1+Hz1t0Y6n5jLrGQbkb4urgPE/0Rve+1kMB1v/oWgHgm4WIcV+i7F2pTVj+2iQ==}
    engines: {node: '>=0.10.0'}

  rollup@4.28.1:
    resolution: {integrity: sha512-61fXYl/qNVinKmGSTHAZ6Yy8I3YIJC/r2m9feHo6SwVAVcLT5MPwOUFe7EuURA/4m0NR8lXG4BBXuo/IZEsjMg==}
    engines: {node: '>=18.0.0', npm: '>=8.0.0'}
    hasBin: true

  scheduler@0.23.2:
    resolution: {integrity: sha512-UOShsPwz7NrMUqhR6t0hWjFduvOzbtv7toDH1/hIrfRNIDBnnBWd0CwJTGvTpngVlmwGCdP9/Zl/tVrDqcuYzQ==}

  source-map-js@1.2.1:
    resolution: {integrity: sha512-UXWMKhLOwVKb728IUtQPXxfYU+usdybtUrK/8uGE8CQMvrhOpwvzDBwj0QhSL7MQc7vIsISBG8VQ8+IDQxpfQA==}
    engines: {node: '>=0.10.0'}

  typescript@5.7.2:
    resolution: {integrity: sha512-i5t66RHxDvVN40HfDd1PsEThGNnlMCMT3jMUuoh9/0TaqWevNontacunWyN02LA9/fIbEWlcHZcgTKb9QoaLfg==}
    engines: {node: '>=14.17'}
    hasBin: true

  vite@5.4.11:
    resolution: {integrity: sha512-c7jFQRklXua0mTzneGW9QVyxFjUgwcihC4bXEtujIo2ouWCe1Ajt/amn2PCxYnhYfd5k09JX3SB7OYWFKYqj8Q==}
    engines: {node: ^18.0.0 || >=20.0.0}
    hasBin: true
    peerDependencies:
      '@types/node': ^18.0.0 || >=20.0.0
      less: '*'
      lightningcss: ^1.21.0
      sass: '*'
      sass-embedded: '*'
      stylus: '*'
      sugarss: '*'
      terser: ^5.4.0
    peerDependenciesMeta:
      '@types/node':
        optional: true
      less:
        optional: true
      lightningcss:
        optional: true
      sass:
        optional: true
      sass-embedded:
        optional: true
      stylus:
        optional: true
      sugarss:
        optional: true
      terser:
        optional: true

  zustand@5.0.2:
    resolution: {integrity: sha512-8qNdnJVJlHlrKXi50LDqqUNmUbuBjoKLrYQBnoChIbVph7vni+sY+YpvdjXG9YLd/Bxr6scMcR+rm5H3aSqPaw==}
    engines: {node: '>=12.20.0'}
    peerDependencies:
      '@types/react': '>=18.0.0'
      immer: '>=9.0.6'
      react: '>=18.0.0'
      use-sync-external-store: '>=1.2.0'
    peerDependenciesMeta:
      '@types/react':
        optional: true
      immer:
        optional: true
      react:
        optional: true
      use-sync-external-store:
        optional: true

snapshots:

  '@esbuild/aix-ppc64@0.21.5':
    optional: true

  '@esbuild/android-arm64@0.21.5':
    optional: true

  '@esbuild/android-arm@0.21.5':
    optional: true

  '@esbuild/android-x64@0.21.5':
    optional: true

  '@esbuild/darwin-arm64@0.21.5':
    optional: true

  '@esbuild/darwin-x64@0.21.5':
    optional: true

  '@esbuild/freebsd-arm64@0.21.5':
    optional: true

  '@esbuild/freebsd-x64@0.21.5':
    optional: true

  '@esbuild/linux-arm64@0.21.5':
    optional: true

  '@esbuild/linux-arm@0.21.5':
    optional: true

  '@esbuild/linux-ia32@0.21.5':
    optional: true

  '@esbuild/linux-loong64@0.21.5':
    optional: true

  '@esbuild/linux-mips64el@0.21.5':
    optional: true

  '@esbuild/linux-ppc64@0.21.5':
    optional: true

  '@esbuild/linux-riscv64@0.21.5':
    optional: true

  '@esbuild/linux-s390x@0.21.5':
    optional: true

  '@esbuild/linux-x64@0.21.5':
    optional: true

  '@esbuild/netbsd-x64@0.21.5':
    optional: true

  '@esbuild/openbsd-x64@0.21.5':
    optional: true

  '@esbuild/sunos-x64@0.21.5':
    optional: true

  '@esbuild/win32-arm64@0.21.5':
    optional: true

  '@esbuild/win32-ia32@0.21.5':
    optional: true

  '@esbuild/win32-x64@0.21.5':
    optional: true

  '@rollup/rollup-android-arm-eabi@4.28.1':
    optional: true

  '@rollup/rollup-android-arm64@4.28.1':
    optional: true

  '@rollup/rollup-darwin-arm64@4.28.1':
    optional: true

  '@rollup/rollup-darwin-x64@4.28.1':
    optional: true

  '@rollup/rollup-freebsd-arm64@4.28.1':
    optional: true

  '@rollup/rollup-freebsd-x64@4.28.1':
    optional: true

  '@rollup/rollup-linux-arm-gnueabihf@4.28.1':
    optional: true

  '@rollup/rollup-linux-arm-musleabihf@4.28.1':
    optional: true

  '@rollup/rollup-linux-arm64-gnu@4.28.1':
    optional: true

  '@rollup/rollup-linux-arm64-musl@4.28.1':
    optional: true

  '@rollup/rollup-linux-loongarch64-gnu@4.28.1':
    optional: true

  '@rollup/rollup-linux-powerpc64le-gnu@4.28.1':
    optional: true

  '@rollup/rollup-linux-riscv64-gnu@4.28.1':
    optional: true

  '@rollup/rollup-linux-s390x-gnu@4.28.1':
    optional: true

  '@rollup/rollup-linux-x64-gnu@4.28.1':
    optional: true

  '@rollup/rollup-linux-x64-musl@4.28.1':
    optional: true

  '@rollup/rollup-win32-arm64-msvc@4.28.1':
    optional: true

  '@rollup/rollup-win32-ia32-msvc@4.28.1':
    optional: true

  '@rollup/rollup-win32-x64-msvc@4.28.1':
    optional: true

  '@swc/core-darwin-arm64@1.10.1':
    optional: true

  '@swc/core-darwin-x64@1.10.1':
    optional: true

  '@swc/core-linux-arm-gnueabihf@1.10.1':
    optional: true

  '@swc/core-linux-arm64-gnu@1.10.1':
    optional: true

  '@swc/core-linux-arm64-musl@1.10.1':
    optional: true

  '@swc/core-linux-x64-gnu@1.10.1':
    optional: true

  '@swc/core-linux-x64-musl@1.10.1':
    optional: true

  '@swc/core-win32-arm64-msvc@1.10.1':
    optional: true

  '@swc/core-win32-ia32-msvc@1.10.1':
    optional: true

  '@swc/core-win32-x64-msvc@1.10.1':
    optional: true

  '@swc/core@1.10.1':
    dependencies:
      '@swc/counter': 0.1.3
      '@swc/types': 0.1.17
    optionalDependencies:
      '@swc/core-darwin-arm64': 1.10.1
      '@swc/core-darwin-x64': 1.10.1
      '@swc/core-linux-arm-gnueabihf': 1.10.1
      '@swc/core-linux-arm64-gnu': 1.10.1
      '@swc/core-linux-arm64-musl': 1.10.1
      '@swc/core-linux-x64-gnu': 1.10.1
      '@swc/core-linux-x64-musl': 1.10.1
      '@swc/core-win32-arm64-msvc': 1.10.1
      '@swc/core-win32-ia32-msvc': 1.10.1
      '@swc/core-win32-x64-msvc': 1.10.1

  '@swc/counter@0.1.3': {}

  '@swc/types@0.1.17':
    dependencies:
      '@swc/counter': 0.1.3

  '@types/estree@1.0.6': {}

  '@types/prop-types@15.7.14': {}

  '@types/react-dom@18.3.5(@types/react@18.3.17)':
    dependencies:
      '@types/react': 18.3.17

  '@types/react@18.3.17':
    dependencies:
      '@types/prop-types': 15.7.14
      csstype: 3.1.3

  '@vitejs/plugin-react-swc@3.7.2(vite@5.4.11)':
    dependencies:
      '@swc/core': 1.10.1
      vite: 5.4.11
    transitivePeerDependencies:
      - '@swc/helpers'

  csstype@3.1.3: {}

  esbuild@0.21.5:
    optionalDependencies:
      '@esbuild/aix-ppc64': 0.21.5
      '@esbuild/android-arm': 0.21.5
      '@esbuild/android-arm64': 0.21.5
      '@esbuild/android-x64': 0.21.5
      '@esbuild/darwin-arm64': 0.21.5
      '@esbuild/darwin-x64': 0.21.5
      '@esbuild/freebsd-arm64': 0.21.5
      '@esbuild/freebsd-x64': 0.21.5
      '@esbuild/linux-arm': 0.21.5
      '@esbuild/linux-arm64': 0.21.5
      '@esbuild/linux-ia32': 0.21.5
      '@esbuild/linux-loong64': 0.21.5
      '@esbuild/linux-mips64el': 0.21.5
      '@esbuild/linux-ppc64': 0.21.5
      '@esbuild/linux-riscv64': 0.21.5
      '@esbuild/linux-s390x': 0.21.5
      '@esbuild/linux-x64': 0.21.5
      '@esbuild/netbsd-x64': 0.21.5
      '@esbuild/openbsd-x64': 0.21.5
      '@esbuild/sunos-x64': 0.21.5
      '@esbuild/win32-arm64': 0.21.5
      '@esbuild/win32-ia32': 0.21.5
      '@esbuild/win32-x64': 0.21.5

  fsevents@2.3.3:
    optional: true

  js-tokens@4.0.0: {}

  loose-envify@1.4.0:
    dependencies:
      js-tokens: 4.0.0

  nanoid@3.3.8: {}

  picocolors@1.1.1: {}

  postcss@8.4.49:
    dependencies:
      nanoid: 3.3.8
      picocolors: 1.1.1
      source-map-js: 1.2.1

  react-dom@18.3.1(react@18.3.1):
    dependencies:
      loose-envify: 1.4.0
      react: 18.3.1
      scheduler: 0.23.2

  react@18.3.1:
    dependencies:
      loose-envify: 1.4.0

  rollup@4.28.1:
    dependencies:
      '@types/estree': 1.0.6
    optionalDependencies:
      '@rollup/rollup-android-arm-eabi': 4.28.1
      '@rollup/rollup-android-arm64': 4.28.1
      '@rollup/rollup-darwin-arm64': 4.28.1
      '@rollup/rollup-darwin-x64': 4.28.1
      '@rollup/rollup-freebsd-arm64': 4.28.1
      '@rollup/rollup-freebsd-x64': 4.28.1
      '@rollup/rollup-linux-arm-gnueabihf': 4.28.1
      '@rollup/rollup-linux-arm-musleabihf': 4.28.1
      '@rollup/rollup-linux-arm64-gnu': 4.28.1
      '@rollup/rollup-linux-arm64-musl': 4.28.1
      '@rollup/rollup-linux-loongarch64-gnu': 4.28.1
      '@rollup/rollup-linux-powerpc64le-gnu': 4.28.1
      '@rollup/rollup-linux-riscv64-gnu': 4.28.1
      '@rollup/rollup-linux-s390x-gnu': 4.28.1
      '@rollup/rollup-linux-x64-gnu': 4.28.1
      '@rollup/rollup-linux-x64-musl': 4.28.1
      '@rollup/rollup-win32-arm64-msvc': 4.28.1
      '@rollup/rollup-win32-ia32-msvc': 4.28.1
      '@rollup/rollup-win32-x64-msvc': 4.28.1
      fsevents: 2.3.3

  scheduler@0.23.2:
    dependencies:
      loose-envify: 1.4.0

  source-map-js@1.2.1: {}

  typescript@5.7.2: {}

  vite@5.4.11:
    dependencies:
      esbuild: 0.21.5
      postcss: 8.4.49
      rollup: 4.28.1
    optionalDependencies:
      fsevents: 2.3.3

  zustand@5.0.2(@types/react@18.3.17)(react@18.3.1):
    optionalDependencies:
      '@types/react': 18.3.17
      react: 18.3.1
